
Microsoft Visual Studio Solution File, Format Version 12.00
# Visual Studio 15
VisualStudioVersion = 15.0.28307.757
MinimumVisualStudioVersion = 10.0.40219.1
Project("{9A19103F-16F7-4668-BE54-9A1E7A4F7556}") = "StatePattern", "StatePattern\StatePattern.csproj", "{35CC146E-169E-4578-BEC4-293B8915ECC8}"
EndProject
Project("{9A19103F-16F7-4668-BE54-9A1E7A4F7556}") = "FactoryMethodPattern", "FactoryMethodPattern\FactoryMethodPattern.csproj", "{A43EEB25-9453-42FF-8359-75F9B23ED98D}"
EndProject
Project("{9A19103F-16F7-4668-BE54-9A1E7A4F7556}") = "SingletonPattern", "SingletonPattern\SingletonPattern.csproj", "{65552E60-A779-42B9-AA3F-AFA5B3E23FFC}"
EndProject
Project("{9A19103F-16F7-4668-BE54-9A1E7A4F7556}") = "CommandPattern", "CommandPattern\CommandPattern.csproj", "{FDAA42F7-4343-4C6A-BCE3-8AFEDDA669D8}"
EndProject
Project("{9A19103F-16F7-4668-BE54-9A1E7A4F7556}") = "ChainOfResponsibilityPattern", "ChainOfResponsibilityPattern\ChainOfResponsibilityPattern.csproj", "{38FFAB23-ABEC-42F9-AEB0-8E50A1AC621F}"
EndProject
Project("{9A19103F-16F7-4668-BE54-9A1E7A4F7556}") = "BridgePattern", "BridgePattern\BridgePattern.csproj", "{72B5C7AE-E7AA-418C-99CC-9DC3E441B863}"
EndProject
Project("{9A19103F-16F7-4668-BE54-9A1E7A4F7556}") = "DecoratorPattern", "DecoratorPattern\DecoratorPattern.csproj", "{E5C89DAE-C48A-49B7-B672-0AEAA6542372}"
EndProject
Project("{9A19103F-16F7-4668-BE54-9A1E7A4F7556}") = "CompositePattern", "CompositePattern\CompositePattern.csproj", "{544D0A07-0EFC-44F5-A1A7-D754ADC249F5}"
EndProject
Project("{9A19103F-16F7-4668-BE54-9A1E7A4F7556}") = "FlyweightPattern", "FlyweightPattern\FlyweightPattern.csproj", "{3E150925-D6E3-4F72-A34E-88B291805008}"
EndProject
Project("{9A19103F-16F7-4668-BE54-9A1E7A4F7556}") = "TemplateMethodPattern", "TemplateMethodPattern\TemplateMethodPattern.csproj", "{D86B4877-3410-4B27-971A-BC4BBB05BF7E}"
EndProject
Project("{9A19103F-16F7-4668-BE54-9A1E7A4F7556}") = "MementoPattern", "MementoPattern\MementoPattern.csproj", "{6A7CC61D-21FA-4C26-8129-FEF0E6F77380}"
EndProject
Project("{9A19103F-16F7-4668-BE54-9A1E7A4F7556}") = "IteratorPattern", "IteratorPattern\IteratorPattern.csproj", "{EC667914-B17D-4E3A-B740-DB7C842B55DE}"
EndProject
Project("{FAE04EC0-301F-11D3-BF4B-00C04F79EFBC}") = "MediatorPattern", "MediatorPattern\MediatorPattern.csproj", "{57E51A21-8BFA-4A49-9228-E8C5543F21DD}"
EndProject
Project("{FAE04EC0-301F-11D3-BF4B-00C04F79EFBC}") = "BuilderPattern", "BuilderPattern\BuilderPattern.csproj", "{A7839015-9FB8-4BEF-B0FB-E0643D0DE32B}"
EndProject
Project("{FAE04EC0-301F-11D3-BF4B-00C04F79EFBC}") = "ObserverPattern", "ObserverPattern\ObserverPattern.csproj", "{59AE9E9C-C428-43B5-A27F-5BBFD605FD88}"
EndProject
Project("{FAE04EC0-301F-11D3-BF4B-00C04F79EFBC}") = "StrategyPattern", "StrategyPattern\StrategyPattern.csproj", "{12D8ECCE-ECD4-4BBF-995C-52D585A586E2}"
EndProject
Global
	GlobalSection(SolutionConfigurationPlatforms) = preSolution
		Debug|Any CPU = Debug|Any CPU
		Release|Any CPU = Release|Any CPU
	EndGlobalSection
	GlobalSection(ProjectConfigurationPlatforms) = postSolution
		{35CC146E-169E-4578-BEC4-293B8915ECC8}.Debug|Any CPU.ActiveCfg = Debug|Any CPU
		{35CC146E-169E-4578-BEC4-293B8915ECC8}.Debug|Any CPU.Build.0 = Debug|Any CPU
		{35CC146E-169E-4578-BEC4-293B8915ECC8}.Release|Any CPU.ActiveCfg = Release|Any CPU
		{35CC146E-169E-4578-BEC4-293B8915ECC8}.Release|Any CPU.Build.0 = Release|Any CPU
		{A43EEB25-9453-42FF-8359-75F9B23ED98D}.Debug|Any CPU.ActiveCfg = Debug|Any CPU
		{A43EEB25-9453-42FF-8359-75F9B23ED98D}.Debug|Any CPU.Build.0 = Debug|Any CPU
		{A43EEB25-9453-42FF-8359-75F9B23ED98D}.Release|Any CPU.ActiveCfg = Release|Any CPU
		{A43EEB25-9453-42FF-8359-75F9B23ED98D}.Release|Any CPU.Build.0 = Release|Any CPU
		{65552E60-A779-42B9-AA3F-AFA5B3E23FFC}.Debug|Any CPU.ActiveCfg = Debug|Any CPU
		{65552E60-A779-42B9-AA3F-AFA5B3E23FFC}.Debug|Any CPU.Build.0 = Debug|Any CPU
		{65552E60-A779-42B9-AA3F-AFA5B3E23FFC}.Release|Any CPU.ActiveCfg = Release|Any CPU
		{65552E60-A779-42B9-AA3F-AFA5B3E23FFC}.Release|Any CPU.Build.0 = Release|Any CPU
		{FDAA42F7-4343-4C6A-BCE3-8AFEDDA669D8}.Debug|Any CPU.ActiveCfg = Debug|Any CPU
		{FDAA42F7-4343-4C6A-BCE3-8AFEDDA669D8}.Debug|Any CPU.Build.0 = Debug|Any CPU
		{FDAA42F7-4343-4C6A-BCE3-8AFEDDA669D8}.Release|Any CPU.ActiveCfg = Release|Any CPU
		{FDAA42F7-4343-4C6A-BCE3-8AFEDDA669D8}.Release|Any CPU.Build.0 = Release|Any CPU
		{38FFAB23-ABEC-42F9-AEB0-8E50A1AC621F}.Debug|Any CPU.ActiveCfg = Debug|Any CPU
		{38FFAB23-ABEC-42F9-AEB0-8E50A1AC621F}.Debug|Any CPU.Build.0 = Debug|Any CPU
		{38FFAB23-ABEC-42F9-AEB0-8E50A1AC621F}.Release|Any CPU.ActiveCfg = Release|Any CPU
		{38FFAB23-ABEC-42F9-AEB0-8E50A1AC621F}.Release|Any CPU.Build.0 = Release|Any CPU
		{72B5C7AE-E7AA-418C-99CC-9DC3E441B863}.Debug|Any CPU.ActiveCfg = Debug|Any CPU
		{72B5C7AE-E7AA-418C-99CC-9DC3E441B863}.Debug|Any CPU.Build.0 = Debug|Any CPU
		{72B5C7AE-E7AA-418C-99CC-9DC3E441B863}.Release|Any CPU.ActiveCfg = Release|Any CPU
		{72B5C7AE-E7AA-418C-99CC-9DC3E441B863}.Release|Any CPU.Build.0 = Release|Any CPU
		{E5C89DAE-C48A-49B7-B672-0AEAA6542372}.Debug|Any CPU.ActiveCfg = Debug|Any CPU
		{E5C89DAE-C48A-49B7-B672-0AEAA6542372}.Debug|Any CPU.Build.0 = Debug|Any CPU
		{E5C89DAE-C48A-49B7-B672-0AEAA6542372}.Release|Any CPU.ActiveCfg = Release|Any CPU
		{E5C89DAE-C48A-49B7-B672-0AEAA6542372}.Release|Any CPU.Build.0 = Release|Any CPU
		{544D0A07-0EFC-44F5-A1A7-D754ADC249F5}.Debug|Any CPU.ActiveCfg = Debug|Any CPU
		{544D0A07-0EFC-44F5-A1A7-D754ADC249F5}.Debug|Any CPU.Build.0 = Debug|Any CPU
		{544D0A07-0EFC-44F5-A1A7-D754ADC249F5}.Release|Any CPU.ActiveCfg = Release|Any CPU
		{544D0A07-0EFC-44F5-A1A7-D754ADC249F5}.Release|Any CPU.Build.0 = Release|Any CPU
		{3E150925-D6E3-4F72-A34E-88B291805008}.Debug|Any CPU.ActiveCfg = Debug|Any CPU
		{3E150925-D6E3-4F72-A34E-88B291805008}.Debug|Any CPU.Build.0 = Debug|Any CPU
		{3E150925-D6E3-4F72-A34E-88B291805008}.Release|Any CPU.ActiveCfg = Release|Any CPU
		{3E150925-D6E3-4F72-A34E-88B291805008}.Release|Any CPU.Build.0 = Release|Any CPU
		{D86B4877-3410-4B27-971A-BC4BBB05BF7E}.Debug|Any CPU.ActiveCfg = Debug|Any CPU
		{D86B4877-3410-4B27-971A-BC4BBB05BF7E}.Debug|Any CPU.Build.0 = Debug|Any CPU
		{D86B4877-3410-4B27-971A-BC4BBB05BF7E}.Release|Any CPU.ActiveCfg = Release|Any CPU
		{D86B4877-3410-4B27-971A-BC4BBB05BF7E}.Release|Any CPU.Build.0 = Release|Any CPU
		{6A7CC61D-21FA-4C26-8129-FEF0E6F77380}.Debug|Any CPU.ActiveCfg = Debug|Any CPU
		{6A7CC61D-21FA-4C26-8129-FEF0E6F77380}.Debug|Any CPU.Build.0 = Debug|Any CPU
		{6A7CC61D-21FA-4C26-8129-FEF0E6F77380}.Release|Any CPU.ActiveCfg = Release|Any CPU
		{6A7CC61D-21FA-4C26-8129-FEF0E6F77380}.Release|Any CPU.Build.0 = Release|Any CPU
		{EC667914-B17D-4E3A-B740-DB7C842B55DE}.Debug|Any CPU.ActiveCfg = Debug|Any CPU
		{EC667914-B17D-4E3A-B740-DB7C842B55DE}.Debug|Any CPU.Build.0 = Debug|Any CPU
		{EC667914-B17D-4E3A-B740-DB7C842B55DE}.Release|Any CPU.ActiveCfg = Release|Any CPU
		{EC667914-B17D-4E3A-B740-DB7C842B55DE}.Release|Any CPU.Build.0 = Release|Any CPU
		{57E51A21-8BFA-4A49-9228-E8C5543F21DD}.Debug|Any CPU.ActiveCfg = Debug|Any CPU
		{57E51A21-8BFA-4A49-9228-E8C5543F21DD}.Debug|Any CPU.Build.0 = Debug|Any CPU
		{57E51A21-8BFA-4A49-9228-E8C5543F21DD}.Release|Any CPU.ActiveCfg = Release|Any CPU
		{57E51A21-8BFA-4A49-9228-E8C5543F21DD}.Release|Any CPU.Build.0 = Release|Any CPU
		{A7839015-9FB8-4BEF-B0FB-E0643D0DE32B}.Debug|Any CPU.ActiveCfg = Debug|Any CPU
		{A7839015-9FB8-4BEF-B0FB-E0643D0DE32B}.Debug|Any CPU.Build.0 = Debug|Any CPU
		{A7839015-9FB8-4BEF-B0FB-E0643D0DE32B}.Release|Any CPU.ActiveCfg = Release|Any CPU
		{A7839015-9FB8-4BEF-B0FB-E0643D0DE32B}.Release|Any CPU.Build.0 = Release|Any CPU
		{59AE9E9C-C428-43B5-A27F-5BBFD605FD88}.Debug|Any CPU.ActiveCfg = Debug|Any CPU
		{59AE9E9C-C428-43B5-A27F-5BBFD605FD88}.Debug|Any CPU.Build.0 = Debug|Any CPU
		{59AE9E9C-C428-43B5-A27F-5BBFD605FD88}.Release|Any CPU.ActiveCfg = Release|Any CPU
		{59AE9E9C-C428-43B5-A27F-5BBFD605FD88}.Release|Any CPU.Build.0 = Release|Any CPU
		{12D8ECCE-ECD4-4BBF-995C-52D585A586E2}.Debug|Any CPU.ActiveCfg = Debug|Any CPU
		{12D8ECCE-ECD4-4BBF-995C-52D585A586E2}.Debug|Any CPU.Build.0 = Debug|Any CPU
		{12D8ECCE-ECD4-4BBF-995C-52D585A586E2}.Release|Any CPU.ActiveCfg = Release|Any CPU
		{12D8ECCE-ECD4-4BBF-995C-52D585A586E2}.Release|Any CPU.Build.0 = Release|Any CPU
	EndGlobalSection
	GlobalSection(SolutionProperties) = preSolution
		HideSolutionNode = FALSE
	EndGlobalSection
	GlobalSection(ExtensibilityGlobals) = postSolution
		SolutionGuid = {6DC47B09-49B5-4981-86A3-0313D975042F}
	EndGlobalSection
EndGlobal
